
Microsoft Visual Studio Solution File, Format Version 11.00
# Visual Studio 2010
Project("{FAE04EC0-301F-11D3-BF4B-00C04F79EFBC}") = "GMapWinFormDemo", "GMapDemo\GMapWinFormDemo.csproj", "{693E1C26-AAA7-42F1-B319-77EB120B3F95}"
EndProject
Project("{FAE04EC0-301F-11D3-BF4B-00C04F79EFBC}") = "GMapWPFDemo", "GMapWPFDemo\GMapWPFDemo.csproj", "{4A75ABDC-6C56-41A4-AD4D-90F07BD9CF87}"
EndProject
Project("{FAE04EC0-301F-11D3-BF4B-00C04F79EFBC}") = "GMapMarkerLib", "GMapMarkerLib\GMapMarkerLib.csproj", "{E25D9C8F-534F-4D86-BD45-9469AD9727E0}"
EndProject
Project("{FAE04EC0-301F-11D3-BF4B-00C04F79EFBC}") = "GMapProvidersExt", "GMapProvidersExt\GMapProvidersExt.csproj", "{E873E646-BE34-4060-A997-5087E9B7021C}"
EndProject
Project("{FAE04EC0-301F-11D3-BF4B-00C04F79EFBC}") = "GMapChinaRegion", "GMapChinaRegion\GMapChinaRegion.csproj", "{01B49280-D6F4-467C-8337-CEA9824F36CE}"
EndProject
Project("{FAE04EC0-301F-11D3-BF4B-00C04F79EFBC}") = "GMapPositionFix", "GMapPositionFix\GMapPositionFix.csproj", "{3AA453EC-6552-431C-9190-68AE85A6B5C3}"
EndProject
Project("{FAE04EC0-301F-11D3-BF4B-00C04F79EFBC}") = "GMapPositionFixTest", "GMapPositionFixTest\GMapPositionFixTest.csproj", "{C189D16C-4C0D-4FC8-9EAC-7AC062CAD2A7}"
EndProject
Project("{FAE04EC0-301F-11D3-BF4B-00C04F79EFBC}") = "GMapUtility", "GMapUtility\GMapUtility.csproj", "{60A086BD-A4D9-459C-8622-4794D1728F08}"
EndProject
Project("{FAE04EC0-301F-11D3-BF4B-00C04F79EFBC}") = "GMapDrawTools", "GMapDrawTools\GMapDrawTools.csproj", "{A846C026-69E9-4A27-A40C-6237E3D0BFB2}"
EndProject
Project("{FAE04EC0-301F-11D3-BF4B-00C04F79EFBC}") = "BSE.Windows.Forms", "BSE.Windows.Forms\BSE.Windows.Forms.csproj", "{68DB802F-F9D8-47FE-BAA0-F73B247E5A47}"
EndProject
Project("{FAE04EC0-301F-11D3-BF4B-00C04F79EFBC}") = "GMapTools", "GMapTools\GMapTools.csproj", "{ED39E8DA-A8F3-4906-BA24-90D09D0AF7CD}"
EndProject
Project("{FAE04EC0-301F-11D3-BF4B-00C04F79EFBC}") = "NetUtilityLib", "NetUtilityLib\NetUtilityLib.csproj", "{0B25DE8C-3747-4FD5-90A6-789FE09B1816}"
EndProject
Project("{FAE04EC0-301F-11D3-BF4B-00C04F79EFBC}") = "NetUtilityLibTest", "NetUtilityLibTest\NetUtilityLibTest.csproj", "{7A6DC60F-9671-43E6-BF6E-4A92295D758E}"
EndProject
Project("{FAE04EC0-301F-11D3-BF4B-00C04F79EFBC}") = "CommonTools", "CommonTools\CommonTools.csproj", "{C5681AE2-1966-46E5-9827-462BC625BF03}"
EndProject
Project("{FAE04EC0-301F-11D3-BF4B-00C04F79EFBC}") = "QuickRabbitMQ", "QuickRabbitMQ\QuickRabbitMQ.csproj", "{71BF751C-FD42-4171-B98D-07A4356DC154}"
EndProject
Project("{FAE04EC0-301F-11D3-BF4B-00C04F79EFBC}") = "RabbitMQClient", "RabbitMQClient\RabbitMQClient.csproj", "{AD1FA7F5-7D7F-4909-A25A-CBB73765AD98}"
EndProject
Global
	GlobalSection(SolutionConfigurationPlatforms) = preSolution
		Debug|Any CPU = Debug|Any CPU
		Debug|Mixed Platforms = Debug|Mixed Platforms
		Debug|x86 = Debug|x86
		Release|Any CPU = Release|Any CPU
		Release|Mixed Platforms = Release|Mixed Platforms
		Release|x86 = Release|x86
	EndGlobalSection
	GlobalSection(ProjectConfigurationPlatforms) = postSolution
		{693E1C26-AAA7-42F1-B319-77EB120B3F95}.Debug|Any CPU.ActiveCfg = Debug|x86
		{693E1C26-AAA7-42F1-B319-77EB120B3F95}.Debug|Mixed Platforms.ActiveCfg = Debug|x86
		{693E1C26-AAA7-42F1-B319-77EB120B3F95}.Debug|Mixed Platforms.Build.0 = Debug|x86
		{693E1C26-AAA7-42F1-B319-77EB120B3F95}.Debug|x86.ActiveCfg = Debug|x86
		{693E1C26-AAA7-42F1-B319-77EB120B3F95}.Debug|x86.Build.0 = Debug|x86
		{693E1C26-AAA7-42F1-B319-77EB120B3F95}.Release|Any CPU.ActiveCfg = Release|x86
		{693E1C26-AAA7-42F1-B319-77EB120B3F95}.Release|Mixed Platforms.ActiveCfg = Release|x86
		{693E1C26-AAA7-42F1-B319-77EB120B3F95}.Release|Mixed Platforms.Build.0 = Release|x86
		{693E1C26-AAA7-42F1-B319-77EB120B3F95}.Release|x86.ActiveCfg = Release|x86
		{693E1C26-AAA7-42F1-B319-77EB120B3F95}.Release|x86.Build.0 = Release|x86
		{4A75ABDC-6C56-41A4-AD4D-90F07BD9CF87}.Debug|Any CPU.ActiveCfg = Debug|x86
		{4A75ABDC-6C56-41A4-AD4D-90F07BD9CF87}.Debug|Mixed Platforms.ActiveCfg = Debug|x86
		{4A75ABDC-6C56-41A4-AD4D-90F07BD9CF87}.Debug|Mixed Platforms.Build.0 = Debug|x86
		{4A75ABDC-6C56-41A4-AD4D-90F07BD9CF87}.Debug|x86.ActiveCfg = Debug|x86
		{4A75ABDC-6C56-41A4-AD4D-90F07BD9CF87}.Debug|x86.Build.0 = Debug|x86
		{4A75ABDC-6C56-41A4-AD4D-90F07BD9CF87}.Release|Any CPU.ActiveCfg = Release|x86
		{4A75ABDC-6C56-41A4-AD4D-90F07BD9CF87}.Release|Mixed Platforms.ActiveCfg = Release|x86
		{4A75ABDC-6C56-41A4-AD4D-90F07BD9CF87}.Release|Mixed Platforms.Build.0 = Release|x86
		{4A75ABDC-6C56-41A4-AD4D-90F07BD9CF87}.Release|x86.ActiveCfg = Release|x86
		{4A75ABDC-6C56-41A4-AD4D-90F07BD9CF87}.Release|x86.Build.0 = Release|x86
		{E25D9C8F-534F-4D86-BD45-9469AD9727E0}.Debug|Any CPU.ActiveCfg = Debug|Any CPU
		{E25D9C8F-534F-4D86-BD45-9469AD9727E0}.Debug|Any CPU.Build.0 = Debug|Any CPU
		{E25D9C8F-534F-4D86-BD45-9469AD9727E0}.Debug|Mixed Platforms.ActiveCfg = Debug|Any CPU
		{E25D9C8F-534F-4D86-BD45-9469AD9727E0}.Debug|Mixed Platforms.Build.0 = Debug|Any CPU
		{E25D9C8F-534F-4D86-BD45-9469AD9727E0}.Debug|x86.ActiveCfg = Debug|Any CPU
		{E25D9C8F-534F-4D86-BD45-9469AD9727E0}.Release|Any CPU.ActiveCfg = Release|Any CPU
		{E25D9C8F-534F-4D86-BD45-9469AD9727E0}.Release|Any CPU.Build.0 = Release|Any CPU
		{E25D9C8F-534F-4D86-BD45-9469AD9727E0}.Release|Mixed Platforms.ActiveCfg = Release|Any CPU
		{E25D9C8F-534F-4D86-BD45-9469AD9727E0}.Release|Mixed Platforms.Build.0 = Release|Any CPU
		{E25D9C8F-534F-4D86-BD45-9469AD9727E0}.Release|x86.ActiveCfg = Release|Any CPU
		{E873E646-BE34-4060-A997-5087E9B7021C}.Debug|Any CPU.ActiveCfg = Debug|Any CPU
		{E873E646-BE34-4060-A997-5087E9B7021C}.Debug|Any CPU.Build.0 = Debug|Any CPU
		{E873E646-BE34-4060-A997-5087E9B7021C}.Debug|Mixed Platforms.ActiveCfg = Debug|Any CPU
		{E873E646-BE34-4060-A997-5087E9B7021C}.Debug|Mixed Platforms.Build.0 = Debug|Any CPU
		{E873E646-BE34-4060-A997-5087E9B7021C}.Debug|x86.ActiveCfg = Debug|Any CPU
		{E873E646-BE34-4060-A997-5087E9B7021C}.Release|Any CPU.ActiveCfg = Release|Any CPU
		{E873E646-BE34-4060-A997-5087E9B7021C}.Release|Any CPU.Build.0 = Release|Any CPU
		{E873E646-BE34-4060-A997-5087E9B7021C}.Release|Mixed Platforms.ActiveCfg = Release|Any CPU
		{E873E646-BE34-4060-A997-5087E9B7021C}.Release|Mixed Platforms.Build.0 = Release|Any CPU
		{E873E646-BE34-4060-A997-5087E9B7021C}.Release|x86.ActiveCfg = Release|Any CPU
		{01B49280-D6F4-467C-8337-CEA9824F36CE}.Debug|Any CPU.ActiveCfg = Debug|Any CPU
		{01B49280-D6F4-467C-8337-CEA9824F36CE}.Debug|Any CPU.Build.0 = Debug|Any CPU
		{01B49280-D6F4-467C-8337-CEA9824F36CE}.Debug|Mixed Platforms.ActiveCfg = Debug|Any CPU
		{01B49280-D6F4-467C-8337-CEA9824F36CE}.Debug|Mixed Platforms.Build.0 = Debug|Any CPU
		{01B49280-D6F4-467C-8337-CEA9824F36CE}.Debug|x86.ActiveCfg = Debug|Any CPU
		{01B49280-D6F4-467C-8337-CEA9824F36CE}.Release|Any CPU.ActiveCfg = Release|Any CPU
		{01B49280-D6F4-467C-8337-CEA9824F36CE}.Release|Any CPU.Build.0 = Release|Any CPU
		{01B49280-D6F4-467C-8337-CEA9824F36CE}.Release|Mixed Platforms.ActiveCfg = Release|Any CPU
		{01B49280-D6F4-467C-8337-CEA9824F36CE}.Release|Mixed Platforms.Build.0 = Release|Any CPU
		{01B49280-D6F4-467C-8337-CEA9824F36CE}.Release|x86.ActiveCfg = Release|Any CPU
		{3AA453EC-6552-431C-9190-68AE85A6B5C3}.Debug|Any CPU.ActiveCfg = Debug|Any CPU
		{3AA453EC-6552-431C-9190-68AE85A6B5C3}.Debug|Any CPU.Build.0 = Debug|Any CPU
		{3AA453EC-6552-431C-9190-68AE85A6B5C3}.Debug|Mixed Platforms.ActiveCfg = Debug|Any CPU
		{3AA453EC-6552-431C-9190-68AE85A6B5C3}.Debug|Mixed Platforms.Build.0 = Debug|Any CPU
		{3AA453EC-6552-431C-9190-68AE85A6B5C3}.Debug|x86.ActiveCfg = Debug|Any CPU
		{3AA453EC-6552-431C-9190-68AE85A6B5C3}.Release|Any CPU.ActiveCfg = Release|Any CPU
		{3AA453EC-6552-431C-9190-68AE85A6B5C3}.Release|Any CPU.Build.0 = Release|Any CPU
		{3AA453EC-6552-431C-9190-68AE85A6B5C3}.Release|Mixed Platforms.ActiveCfg = Release|Any CPU
		{3AA453EC-6552-431C-9190-68AE85A6B5C3}.Release|Mixed Platforms.Build.0 = Release|Any CPU
		{3AA453EC-6552-431C-9190-68AE85A6B5C3}.Release|x86.ActiveCfg = Release|Any CPU
		{C189D16C-4C0D-4FC8-9EAC-7AC062CAD2A7}.Debug|Any CPU.ActiveCfg = Debug|x86
		{C189D16C-4C0D-4FC8-9EAC-7AC062CAD2A7}.Debug|Mixed Platforms.ActiveCfg = Debug|x86
		{C189D16C-4C0D-4FC8-9EAC-7AC062CAD2A7}.Debug|Mixed Platforms.Build.0 = Debug|x86
		{C189D16C-4C0D-4FC8-9EAC-7AC062CAD2A7}.Debug|x86.ActiveCfg = Debug|x86
		{C189D16C-4C0D-4FC8-9EAC-7AC062CAD2A7}.Debug|x86.Build.0 = Debug|x86
		{C189D16C-4C0D-4FC8-9EAC-7AC062CAD2A7}.Release|Any CPU.ActiveCfg = Release|x86
		{C189D16C-4C0D-4FC8-9EAC-7AC062CAD2A7}.Release|Mixed Platforms.ActiveCfg = Release|x86
		{C189D16C-4C0D-4FC8-9EAC-7AC062CAD2A7}.Release|Mixed Platforms.Build.0 = Release|x86
		{C189D16C-4C0D-4FC8-9EAC-7AC062CAD2A7}.Release|x86.ActiveCfg = Release|x86
		{C189D16C-4C0D-4FC8-9EAC-7AC062CAD2A7}.Release|x86.Build.0 = Release|x86
		{60A086BD-A4D9-459C-8622-4794D1728F08}.Debug|Any CPU.ActiveCfg = Debug|Any CPU
		{60A086BD-A4D9-459C-8622-4794D1728F08}.Debug|Any CPU.Build.0 = Debug|Any CPU
		{60A086BD-A4D9-459C-8622-4794D1728F08}.Debug|Mixed Platforms.ActiveCfg = Debug|Any CPU
		{60A086BD-A4D9-459C-8622-4794D1728F08}.Debug|Mixed Platforms.Build.0 = Debug|Any CPU
		{60A086BD-A4D9-459C-8622-4794D1728F08}.Debug|x86.ActiveCfg = Debug|Any CPU
		{60A086BD-A4D9-459C-8622-4794D1728F08}.Release|Any CPU.ActiveCfg = Release|Any CPU
		{60A086BD-A4D9-459C-8622-4794D1728F08}.Release|Any CPU.Build.0 = Release|Any CPU
		{60A086BD-A4D9-459C-8622-4794D1728F08}.Release|Mixed Platforms.ActiveCfg = Release|Any CPU
		{60A086BD-A4D9-459C-8622-4794D1728F08}.Release|Mixed Platforms.Build.0 = Release|Any CPU
		{60A086BD-A4D9-459C-8622-4794D1728F08}.Release|x86.ActiveCfg = Release|Any CPU
		{A846C026-69E9-4A27-A40C-6237E3D0BFB2}.Debug|Any CPU.ActiveCfg = Debug|Any CPU
		{A846C026-69E9-4A27-A40C-6237E3D0BFB2}.Debug|Any CPU.Build.0 = Debug|Any CPU
		{A846C026-69E9-4A27-A40C-6237E3D0BFB2}.Debug|Mixed Platforms.ActiveCfg = Debug|Any CPU
		{A846C026-69E9-4A27-A40C-6237E3D0BFB2}.Debug|Mixed Platforms.Build.0 = Debug|Any CPU
		{A846C026-69E9-4A27-A40C-6237E3D0BFB2}.Debug|x86.ActiveCfg = Debug|Any CPU
		{A846C026-69E9-4A27-A40C-6237E3D0BFB2}.Release|Any CPU.ActiveCfg = Release|Any CPU
		{A846C026-69E9-4A27-A40C-6237E3D0BFB2}.Release|Any CPU.Build.0 = Release|Any CPU
		{A846C026-69E9-4A27-A40C-6237E3D0BFB2}.Release|Mixed Platforms.ActiveCfg = Release|Any CPU
		{A846C026-69E9-4A27-A40C-6237E3D0BFB2}.Release|Mixed Platforms.Build.0 = Release|Any CPU
		{A846C026-69E9-4A27-A40C-6237E3D0BFB2}.Release|x86.ActiveCfg = Release|Any CPU
		{68DB802F-F9D8-47FE-BAA0-F73B247E5A47}.Debug|Any CPU.ActiveCfg = Debug|Any CPU
		{68DB802F-F9D8-47FE-BAA0-F73B247E5A47}.Debug|Any CPU.Build.0 = Debug|Any CPU
		{68DB802F-F9D8-47FE-BAA0-F73B247E5A47}.Debug|Mixed Platforms.ActiveCfg = Debug|Any CPU
		{68DB802F-F9D8-47FE-BAA0-F73B247E5A47}.Debug|Mixed Platforms.Build.0 = Debug|Any CPU
		{68DB802F-F9D8-47FE-BAA0-F73B247E5A47}.Debug|x86.ActiveCfg = Debug|Any CPU
		{68DB802F-F9D8-47FE-BAA0-F73B247E5A47}.Release|Any CPU.ActiveCfg = Release|Any CPU
		{68DB802F-F9D8-47FE-BAA0-F73B247E5A47}.Release|Any CPU.Build.0 = Release|Any CPU
		{68DB802F-F9D8-47FE-BAA0-F73B247E5A47}.Release|Mixed Platforms.ActiveCfg = Release|Any CPU
		{68DB802F-F9D8-47FE-BAA0-F73B247E5A47}.Release|Mixed Platforms.Build.0 = Release|Any CPU
		{68DB802F-F9D8-47FE-BAA0-F73B247E5A47}.Release|x86.ActiveCfg = Release|Any CPU
		{ED39E8DA-A8F3-4906-BA24-90D09D0AF7CD}.Debug|Any CPU.ActiveCfg = Debug|Any CPU
		{ED39E8DA-A8F3-4906-BA24-90D09D0AF7CD}.Debug|Any CPU.Build.0 = Debug|Any CPU
		{ED39E8DA-A8F3-4906-BA24-90D09D0AF7CD}.Debug|Mixed Platforms.ActiveCfg = Debug|Any CPU
		{ED39E8DA-A8F3-4906-BA24-90D09D0AF7CD}.Debug|Mixed Platforms.Build.0 = Debug|Any CPU
		{ED39E8DA-A8F3-4906-BA24-90D09D0AF7CD}.Debug|x86.ActiveCfg = Debug|Any CPU
		{ED39E8DA-A8F3-4906-BA24-90D09D0AF7CD}.Release|Any CPU.ActiveCfg = Release|Any CPU
		{ED39E8DA-A8F3-4906-BA24-90D09D0AF7CD}.Release|Any CPU.Build.0 = Release|Any CPU
		{ED39E8DA-A8F3-4906-BA24-90D09D0AF7CD}.Release|Mixed Platforms.ActiveCfg = Release|Any CPU
		{ED39E8DA-A8F3-4906-BA24-90D09D0AF7CD}.Release|Mixed Platforms.Build.0 = Release|Any CPU
		{ED39E8DA-A8F3-4906-BA24-90D09D0AF7CD}.Release|x86.ActiveCfg = Release|Any CPU
		{0B25DE8C-3747-4FD5-90A6-789FE09B1816}.Debug|Any CPU.ActiveCfg = Debug|Any CPU
		{0B25DE8C-3747-4FD5-90A6-789FE09B1816}.Debug|Any CPU.Build.0 = Debug|Any CPU
		{0B25DE8C-3747-4FD5-90A6-789FE09B1816}.Debug|Mixed Platforms.ActiveCfg = Debug|Any CPU
		{0B25DE8C-3747-4FD5-90A6-789FE09B1816}.Debug|Mixed Platforms.Build.0 = Debug|Any CPU
		{0B25DE8C-3747-4FD5-90A6-789FE09B1816}.Debug|x86.ActiveCfg = Debug|Any CPU
		{0B25DE8C-3747-4FD5-90A6-789FE09B1816}.Release|Any CPU.ActiveCfg = Release|Any CPU
		{0B25DE8C-3747-4FD5-90A6-789FE09B1816}.Release|Any CPU.Build.0 = Release|Any CPU
		{0B25DE8C-3747-4FD5-90A6-789FE09B1816}.Release|Mixed Platforms.ActiveCfg = Release|Any CPU
		{0B25DE8C-3747-4FD5-90A6-789FE09B1816}.Release|Mixed Platforms.Build.0 = Release|Any CPU
		{0B25DE8C-3747-4FD5-90A6-789FE09B1816}.Release|x86.ActiveCfg = Release|Any CPU
		{7A6DC60F-9671-43E6-BF6E-4A92295D758E}.Debug|Any CPU.ActiveCfg = Debug|x86
		{7A6DC60F-9671-43E6-BF6E-4A92295D758E}.Debug|Mixed Platforms.ActiveCfg = Debug|x86
		{7A6DC60F-9671-43E6-BF6E-4A92295D758E}.Debug|Mixed Platforms.Build.0 = Debug|x86
		{7A6DC60F-9671-43E6-BF6E-4A92295D758E}.Debug|x86.ActiveCfg = Debug|x86
		{7A6DC60F-9671-43E6-BF6E-4A92295D758E}.Debug|x86.Build.0 = Debug|x86
		{7A6DC60F-9671-43E6-BF6E-4A92295D758E}.Release|Any CPU.ActiveCfg = Release|x86
		{7A6DC60F-9671-43E6-BF6E-4A92295D758E}.Release|Mixed Platforms.ActiveCfg = Release|x86
		{7A6DC60F-9671-43E6-BF6E-4A92295D758E}.Release|Mixed Platforms.Build.0 = Release|x86
		{7A6DC60F-9671-43E6-BF6E-4A92295D758E}.Release|x86.ActiveCfg = Release|x86
		{7A6DC60F-9671-43E6-BF6E-4A92295D758E}.Release|x86.Build.0 = Release|x86
		{C5681AE2-1966-46E5-9827-462BC625BF03}.Debug|Any CPU.ActiveCfg = Debug|Any CPU
		{C5681AE2-1966-46E5-9827-462BC625BF03}.Debug|Any CPU.Build.0 = Debug|Any CPU
		{C5681AE2-1966-46E5-9827-462BC625BF03}.Debug|Mixed Platforms.ActiveCfg = Debug|Any CPU
		{C5681AE2-1966-46E5-9827-462BC625BF03}.Debug|Mixed Platforms.Build.0 = Debug|Any CPU
		{C5681AE2-1966-46E5-9827-462BC625BF03}.Debug|x86.ActiveCfg = Debug|Any CPU
		{C5681AE2-1966-46E5-9827-462BC625BF03}.Release|Any CPU.ActiveCfg = Release|Any CPU
		{C5681AE2-1966-46E5-9827-462BC625BF03}.Release|Any CPU.Build.0 = Release|Any CPU
		{C5681AE2-1966-46E5-9827-462BC625BF03}.Release|Mixed Platforms.ActiveCfg = Release|Any CPU
		{C5681AE2-1966-46E5-9827-462BC625BF03}.Release|Mixed Platforms.Build.0 = Release|Any CPU
		{C5681AE2-1966-46E5-9827-462BC625BF03}.Release|x86.ActiveCfg = Release|Any CPU
		{71BF751C-FD42-4171-B98D-07A4356DC154}.Debug|Any CPU.ActiveCfg = Debug|Any CPU
		{71BF751C-FD42-4171-B98D-07A4356DC154}.Debug|Any CPU.Build.0 = Debug|Any CPU
		{71BF751C-FD42-4171-B98D-07A4356DC154}.Debug|Mixed Platforms.ActiveCfg = Debug|Any CPU
		{71BF751C-FD42-4171-B98D-07A4356DC154}.Debug|Mixed Platforms.Build.0 = Debug|Any CPU
		{71BF751C-FD42-4171-B98D-07A4356DC154}.Debug|x86.ActiveCfg = Debug|Any CPU
		{71BF751C-FD42-4171-B98D-07A4356DC154}.Release|Any CPU.ActiveCfg = Release|Any CPU
		{71BF751C-FD42-4171-B98D-07A4356DC154}.Release|Any CPU.Build.0 = Release|Any CPU
		{71BF751C-FD42-4171-B98D-07A4356DC154}.Release|Mixed Platforms.ActiveCfg = Release|Any CPU
		{71BF751C-FD42-4171-B98D-07A4356DC154}.Release|Mixed Platforms.Build.0 = Release|Any CPU
		{71BF751C-FD42-4171-B98D-07A4356DC154}.Release|x86.ActiveCfg = Release|Any CPU
		{AD1FA7F5-7D7F-4909-A25A-CBB73765AD98}.Debug|Any CPU.ActiveCfg = Debug|Any CPU
		{AD1FA7F5-7D7F-4909-A25A-CBB73765AD98}.Debug|Any CPU.Build.0 = Debug|Any CPU
		{AD1FA7F5-7D7F-4909-A25A-CBB73765AD98}.Debug|Mixed Platforms.ActiveCfg = Debug|Any CPU
		{AD1FA7F5-7D7F-4909-A25A-CBB73765AD98}.Debug|Mixed Platforms.Build.0 = Debug|Any CPU
		{AD1FA7F5-7D7F-4909-A25A-CBB73765AD98}.Debug|x86.ActiveCfg = Debug|Any CPU
		{AD1FA7F5-7D7F-4909-A25A-CBB73765AD98}.Release|Any CPU.ActiveCfg = Release|Any CPU
		{AD1FA7F5-7D7F-4909-A25A-CBB73765AD98}.Release|Any CPU.Build.0 = Release|Any CPU
		{AD1FA7F5-7D7F-4909-A25A-CBB73765AD98}.Release|Mixed Platforms.ActiveCfg = Release|Any CPU
		{AD1FA7F5-7D7F-4909-A25A-CBB73765AD98}.Release|Mixed Platforms.Build.0 = Release|Any CPU
		{AD1FA7F5-7D7F-4909-A25A-CBB73765AD98}.Release|x86.ActiveCfg = Release|Any CPU
	EndGlobalSection
	GlobalSection(SolutionProperties) = preSolution
		HideSolutionNode = FALSE
	EndGlobalSection
EndGlobal
